// !$*UTF8*$!
{
	archiveVersion = 1;
	classes = {
	};
	objectVersion = 50;
	objects = {

/* Begin PBXBuildFile section */
		1D04749C21650DB800B0D379 /* DataBus.swift in Sources */ = {isa = PBXBuildFile; fileRef = 1D04749B21650DB800B0D379 /* DataBus.swift */; };
		1D04749E2165162500B0D379 /* Opcode.swift in Sources */ = {isa = PBXBuildFile; fileRef = 1D04749D2165162500B0D379 /* Opcode.swift */; };
		1D69C3C72163EC9B00F7A7C7 /* TestBus.swift in Sources */ = {isa = PBXBuildFile; fileRef = 1D69C3C62163EC9B00F7A7C7 /* TestBus.swift */; };
		1D69C3C92163F50500F7A7C7 /* Clock.swift in Sources */ = {isa = PBXBuildFile; fileRef = 1D69C3C82163F50500F7A7C7 /* Clock.swift */; };
		1D7EA9252163C701005D14C1 /* JMZeta80.framework in Frameworks */ = {isa = PBXBuildFile; fileRef = 1D7EA91B2163C701005D14C1 /* JMZeta80.framework */; };
		1D7EA92A2163C701005D14C1 /* JMZeta80Tests.swift in Sources */ = {isa = PBXBuildFile; fileRef = 1D7EA9292163C701005D14C1 /* JMZeta80Tests.swift */; };
		1D7EA92C2163C701005D14C1 /* JMZeta80.h in Headers */ = {isa = PBXBuildFile; fileRef = 1D7EA91E2163C701005D14C1 /* JMZeta80.h */; settings = {ATTRIBUTES = (Public, ); }; };
		1D7EA9382163C8FE005D14C1 /* Cpu.swift in Sources */ = {isa = PBXBuildFile; fileRef = 1D7EA9372163C8FE005D14C1 /* Cpu.swift */; };
		1D7EA93A2163CAAC005D14C1 /* Register.swift in Sources */ = {isa = PBXBuildFile; fileRef = 1D7EA9392163CAAB005D14C1 /* Register.swift */; };
		1D7F714221778E8000C31E5E /* OpcodeTableCBGen.swift in Sources */ = {isa = PBXBuildFile; fileRef = 1D7F714121778E8000C31E5E /* OpcodeTableCBGen.swift */; };
		1DA162FC216519EB00243141 /* AccessibleBus.swift in Sources */ = {isa = PBXBuildFile; fileRef = 1DA162FB216519EB00243141 /* AccessibleBus.swift */; };
		1DECDC8F216FA89700C6383A /* Alu.swift in Sources */ = {isa = PBXBuildFile; fileRef = 1DECDC8E216FA89700C6383A /* Alu.swift */; };
		1DF890422167CF7100AC7EA2 /* OpcodeTableGen.swift in Sources */ = {isa = PBXBuildFile; fileRef = 1DF890412167CF7100AC7EA2 /* OpcodeTableGen.swift */; };
		1DF890442167D95B00AC7EA2 /* Extensions.swift in Sources */ = {isa = PBXBuildFile; fileRef = 1DF890432167D95B00AC7EA2 /* Extensions.swift */; };
/* End PBXBuildFile section */

/* Begin PBXContainerItemProxy section */
		1D7EA9262163C701005D14C1 /* PBXContainerItemProxy */ = {
			isa = PBXContainerItemProxy;
			containerPortal = 1D7EA9122163C701005D14C1 /* Project object */;
			proxyType = 1;
			remoteGlobalIDString = 1D7EA91A2163C701005D14C1;
			remoteInfo = JMZeta80;
		};
/* End PBXContainerItemProxy section */

/* Begin PBXFileReference section */
		1D04749B21650DB800B0D379 /* DataBus.swift */ = {isa = PBXFileReference; lastKnownFileType = sourcecode.swift; path = DataBus.swift; sourceTree = "<group>"; };
		1D04749D2165162500B0D379 /* Opcode.swift */ = {isa = PBXFileReference; lastKnownFileType = sourcecode.swift; path = Opcode.swift; sourceTree = "<group>"; };
		1D69C3C62163EC9B00F7A7C7 /* TestBus.swift */ = {isa = PBXFileReference; lastKnownFileType = sourcecode.swift; path = TestBus.swift; sourceTree = "<group>"; };
		1D69C3C82163F50500F7A7C7 /* Clock.swift */ = {isa = PBXFileReference; lastKnownFileType = sourcecode.swift; path = Clock.swift; sourceTree = "<group>"; };
		1D7EA91B2163C701005D14C1 /* JMZeta80.framework */ = {isa = PBXFileReference; explicitFileType = wrapper.framework; includeInIndex = 0; path = JMZeta80.framework; sourceTree = BUILT_PRODUCTS_DIR; };
		1D7EA91E2163C701005D14C1 /* JMZeta80.h */ = {isa = PBXFileReference; lastKnownFileType = sourcecode.c.h; path = JMZeta80.h; sourceTree = "<group>"; };
		1D7EA91F2163C701005D14C1 /* Info.plist */ = {isa = PBXFileReference; lastKnownFileType = text.plist.xml; path = Info.plist; sourceTree = "<group>"; };
		1D7EA9242163C701005D14C1 /* JMZeta80Tests.xctest */ = {isa = PBXFileReference; explicitFileType = wrapper.cfbundle; includeInIndex = 0; path = JMZeta80Tests.xctest; sourceTree = BUILT_PRODUCTS_DIR; };
		1D7EA9292163C701005D14C1 /* JMZeta80Tests.swift */ = {isa = PBXFileReference; lastKnownFileType = sourcecode.swift; path = JMZeta80Tests.swift; sourceTree = "<group>"; };
		1D7EA92B2163C701005D14C1 /* Info.plist */ = {isa = PBXFileReference; lastKnownFileType = text.plist.xml; path = Info.plist; sourceTree = "<group>"; };
		1D7EA9372163C8FE005D14C1 /* Cpu.swift */ = {isa = PBXFileReference; lastKnownFileType = sourcecode.swift; path = Cpu.swift; sourceTree = "<group>"; };
		1D7EA9392163CAAB005D14C1 /* Register.swift */ = {isa = PBXFileReference; lastKnownFileType = sourcecode.swift; path = Register.swift; sourceTree = "<group>"; };
		1D7F714121778E8000C31E5E /* OpcodeTableCBGen.swift */ = {isa = PBXFileReference; fileEncoding = 4; lastKnownFileType = sourcecode.swift; path = OpcodeTableCBGen.swift; sourceTree = "<group>"; };
		1DA162FB216519EB00243141 /* AccessibleBus.swift */ = {isa = PBXFileReference; fileEncoding = 4; lastKnownFileType = sourcecode.swift; path = AccessibleBus.swift; sourceTree = "<group>"; };
		1DECDC8E216FA89700C6383A /* Alu.swift */ = {isa = PBXFileReference; lastKnownFileType = sourcecode.swift; path = Alu.swift; sourceTree = "<group>"; };
		1DF890412167CF7100AC7EA2 /* OpcodeTableGen.swift */ = {isa = PBXFileReference; fileEncoding = 4; lastKnownFileType = sourcecode.swift; path = OpcodeTableGen.swift; sourceTree = "<group>"; };
		1DF890432167D95B00AC7EA2 /* Extensions.swift */ = {isa = PBXFileReference; lastKnownFileType = sourcecode.swift; path = Extensions.swift; sourceTree = "<group>"; };
/* End PBXFileReference section */

/* Begin PBXFrameworksBuildPhase section */
		1D7EA9182163C701005D14C1 /* Frameworks */ = {
			isa = PBXFrameworksBuildPhase;
			buildActionMask = 2147483647;
			files = (
			);
			runOnlyForDeploymentPostprocessing = 0;
		};
		1D7EA9212163C701005D14C1 /* Frameworks */ = {
			isa = PBXFrameworksBuildPhase;
			buildActionMask = 2147483647;
			files = (
				1D7EA9252163C701005D14C1 /* JMZeta80.framework in Frameworks */,
			);
			runOnlyForDeploymentPostprocessing = 0;
		};
/* End PBXFrameworksBuildPhase section */

/* Begin PBXGroup section */
		1D7EA9112163C701005D14C1 = {
			isa = PBXGroup;
			children = (
				1D7EA91D2163C701005D14C1 /* JMZeta80 */,
				1D7EA9282163C701005D14C1 /* JMZeta80Tests */,
				1D7EA91C2163C701005D14C1 /* Products */,
			);
			sourceTree = "<group>";
		};
		1D7EA91C2163C701005D14C1 /* Products */ = {
			isa = PBXGroup;
			children = (
				1D7EA91B2163C701005D14C1 /* JMZeta80.framework */,
				1D7EA9242163C701005D14C1 /* JMZeta80Tests.xctest */,
			);
			name = Products;
			sourceTree = "<group>";
		};
		1D7EA91D2163C701005D14C1 /* JMZeta80 */ = {
			isa = PBXGroup;
			children = (
				1D7F714121778E8000C31E5E /* OpcodeTableCBGen.swift */,
				1DF890412167CF7100AC7EA2 /* OpcodeTableGen.swift */,
				1DA162FB216519EB00243141 /* AccessibleBus.swift */,
				1D7EA91E2163C701005D14C1 /* JMZeta80.h */,
				1D7EA91F2163C701005D14C1 /* Info.plist */,
				1D7EA9372163C8FE005D14C1 /* Cpu.swift */,
				1D7EA9392163CAAB005D14C1 /* Register.swift */,
				1D69C3C82163F50500F7A7C7 /* Clock.swift */,
				1D04749B21650DB800B0D379 /* DataBus.swift */,
				1D04749D2165162500B0D379 /* Opcode.swift */,
				1DF890432167D95B00AC7EA2 /* Extensions.swift */,
				1DECDC8E216FA89700C6383A /* Alu.swift */,
			);
			path = JMZeta80;
			sourceTree = "<group>";
		};
		1D7EA9282163C701005D14C1 /* JMZeta80Tests */ = {
			isa = PBXGroup;
			children = (
				1D7EA9292163C701005D14C1 /* JMZeta80Tests.swift */,
				1D7EA92B2163C701005D14C1 /* Info.plist */,
				1D69C3C62163EC9B00F7A7C7 /* TestBus.swift */,
			);
			path = JMZeta80Tests;
			sourceTree = "<group>";
		};
/* End PBXGroup section */

/* Begin PBXHeadersBuildPhase section */
		1D7EA9162163C701005D14C1 /* Headers */ = {
			isa = PBXHeadersBuildPhase;
			buildActionMask = 2147483647;
			files = (
				1D7EA92C2163C701005D14C1 /* JMZeta80.h in Headers */,
			);
			runOnlyForDeploymentPostprocessing = 0;
		};
/* End PBXHeadersBuildPhase section */

/* Begin PBXNativeTarget section */
		1D7EA91A2163C701005D14C1 /* JMZeta80 */ = {
			isa = PBXNativeTarget;
			buildConfigurationList = 1D7EA92F2163C701005D14C1 /* Build configuration list for PBXNativeTarget "JMZeta80" */;
			buildPhases = (
				1D7EA9162163C701005D14C1 /* Headers */,
				1D7EA9172163C701005D14C1 /* Sources */,
				1D7EA9182163C701005D14C1 /* Frameworks */,
				1D7EA9192163C701005D14C1 /* Resources */,
			);
			buildRules = (
			);
			dependencies = (
			);
			name = JMZeta80;
			productName = JMZeta80;
			productReference = 1D7EA91B2163C701005D14C1 /* JMZeta80.framework */;
			productType = "com.apple.product-type.framework";
		};
		1D7EA9232163C701005D14C1 /* JMZeta80Tests */ = {
			isa = PBXNativeTarget;
			buildConfigurationList = 1D7EA9322163C701005D14C1 /* Build configuration list for PBXNativeTarget "JMZeta80Tests" */;
			buildPhases = (
				1D7EA9202163C701005D14C1 /* Sources */,
				1D7EA9212163C701005D14C1 /* Frameworks */,
				1D7EA9222163C701005D14C1 /* Resources */,
			);
			buildRules = (
			);
			dependencies = (
				1D7EA9272163C701005D14C1 /* PBXTargetDependency */,
			);
			name = JMZeta80Tests;
			productName = JMZeta80Tests;
			productReference = 1D7EA9242163C701005D14C1 /* JMZeta80Tests.xctest */;
			productType = "com.apple.product-type.bundle.unit-test";
		};
/* End PBXNativeTarget section */

/* Begin PBXProject section */
		1D7EA9122163C701005D14C1 /* Project object */ = {
			isa = PBXProject;
			attributes = {
				LastSwiftUpdateCheck = 1000;
				LastUpgradeCheck = 1000;
				ORGANIZATIONNAME = "Jose Luis Fernandez-Mayoralas";
				TargetAttributes = {
					1D7EA91A2163C701005D14C1 = {
						CreatedOnToolsVersion = 10.0;
						LastSwiftMigration = 1000;
					};
					1D7EA9232163C701005D14C1 = {
						CreatedOnToolsVersion = 10.0;
					};
				};
			};
			buildConfigurationList = 1D7EA9152163C701005D14C1 /* Build configuration list for PBXProject "JMZeta80" */;
			compatibilityVersion = "Xcode 9.3";
			developmentRegion = en;
			hasScannedForEncodings = 0;
			knownRegions = (
				en,
			);
			mainGroup = 1D7EA9112163C701005D14C1;
			productRefGroup = 1D7EA91C2163C701005D14C1 /* Products */;
			projectDirPath = "";
			projectRoot = "";
			targets = (
				1D7EA91A2163C701005D14C1 /* JMZeta80 */,
				1D7EA9232163C701005D14C1 /* JMZeta80Tests */,
			);
		};
/* End PBXProject section */

/* Begin PBXResourcesBuildPhase section */
		1D7EA9192163C701005D14C1 /* Resources */ = {
			isa = PBXResourcesBuildPhase;
			buildActionMask = 2147483647;
			files = (
			);
			runOnlyForDeploymentPostprocessing = 0;
		};
		1D7EA9222163C701005D14C1 /* Resources */ = {
			isa = PBXResourcesBuildPhase;
			buildActionMask = 2147483647;
			files = (
			);
			runOnlyForDeploymentPostprocessing = 0;
		};
/* End PBXResourcesBuildPhase section */

/* Begin PBXSourcesBuildPhase section */
		1D7EA9172163C701005D14C1 /* Sources */ = {
			isa = PBXSourcesBuildPhase;
			buildActionMask = 2147483647;
			files = (
				1DECDC8F216FA89700C6383A /* Alu.swift in Sources */,
				1DA162FC216519EB00243141 /* AccessibleBus.swift in Sources */,
				1D7F714221778E8000C31E5E /* OpcodeTableCBGen.swift in Sources */,
				1D7EA93A2163CAAC005D14C1 /* Register.swift in Sources */,
				1DF890422167CF7100AC7EA2 /* OpcodeTableGen.swift in Sources */,
				1DF890442167D95B00AC7EA2 /* Extensions.swift in Sources */,
				1D7EA9382163C8FE005D14C1 /* Cpu.swift in Sources */,
				1D04749C21650DB800B0D379 /* DataBus.swift in Sources */,
				1D04749E2165162500B0D379 /* Opcode.swift in Sources */,
				1D69C3C92163F50500F7A7C7 /* Clock.swift in Sources */,
			);
			runOnlyForDeploymentPostprocessing = 0;
		};
		1D7EA9202163C701005D14C1 /* Sources */ = {
			isa = PBXSourcesBuildPhase;
			buildActionMask = 2147483647;
			files = (
				1D69C3C72163EC9B00F7A7C7 /* TestBus.swift in Sources */,
				1D7EA92A2163C701005D14C1 /* JMZeta80Tests.swift in Sources */,
			);
			runOnlyForDeploymentPostprocessing = 0;
		};
/* End PBXSourcesBuildPhase section */

/* Begin PBXTargetDependency section */
		1D7EA9272163C701005D14C1 /* PBXTargetDependency */ = {
			isa = PBXTargetDependency;
			target = 1D7EA91A2163C701005D14C1 /* JMZeta80 */;
			targetProxy = 1D7EA9262163C701005D14C1 /* PBXContainerItemProxy */;
		};
/* End PBXTargetDependency section */

/* Begin XCBuildConfiguration section */
		1D7EA92D2163C701005D14C1 /* Debug */ = {
			isa = XCBuildConfiguration;
			buildSettings = {
				ALWAYS_SEARCH_USER_PATHS = NO;
				CLANG_ANALYZER_NONNULL = YES;
				CLANG_ANALYZER_NUMBER_OBJECT_CONVERSION = YES_AGGRESSIVE;
				CLANG_CXX_LANGUAGE_STANDARD = "gnu++14";
				CLANG_CXX_LIBRARY = "libc++";
				CLANG_ENABLE_MODULES = YES;
				CLANG_ENABLE_OBJC_ARC = YES;
				CLANG_ENABLE_OBJC_WEAK = YES;
				CLANG_WARN_BLOCK_CAPTURE_AUTORELEASING = YES;
				CLANG_WARN_BOOL_CONVERSION = YES;
				CLANG_WARN_COMMA = YES;
				CLANG_WARN_CONSTANT_CONVERSION = YES;
				CLANG_WARN_DEPRECATED_OBJC_IMPLEMENTATIONS = YES;
				CLANG_WARN_DIRECT_OBJC_ISA_USAGE = YES_ERROR;
				CLANG_WARN_DOCUMENTATION_COMMENTS = YES;
				CLANG_WARN_EMPTY_BODY = YES;
				CLANG_WARN_ENUM_CONVERSION = YES;
				CLANG_WARN_INFINITE_RECURSION = YES;
				CLANG_WARN_INT_CONVERSION = YES;
				CLANG_WARN_NON_LITERAL_NULL_CONVERSION = YES;
				CLANG_WARN_OBJC_IMPLICIT_RETAIN_SELF = YES;
				CLANG_WARN_OBJC_LITERAL_CONVERSION = YES;
				CLANG_WARN_OBJC_ROOT_CLASS = YES_ERROR;
				CLANG_WARN_RANGE_LOOP_ANALYSIS = YES;
				CLANG_WARN_STRICT_PROTOTYPES = YES;
				CLANG_WARN_SUSPICIOUS_MOVE = YES;
				CLANG_WARN_UNGUARDED_AVAILABILITY = YES_AGGRESSIVE;
				CLANG_WARN_UNREACHABLE_CODE = YES;
				CLANG_WARN__DUPLICATE_METHOD_MATCH = YES;
				CODE_SIGN_IDENTITY = "Mac Developer";
				COPY_PHASE_STRIP = NO;
				CURRENT_PROJECT_VERSION = 1;
				DEBUG_INFORMATION_FORMAT = dwarf;
				ENABLE_STRICT_OBJC_MSGSEND = YES;
				ENABLE_TESTABILITY = YES;
				GCC_C_LANGUAGE_STANDARD = gnu11;
				GCC_DYNAMIC_NO_PIC = NO;
				GCC_NO_COMMON_BLOCKS = YES;
				GCC_OPTIMIZATION_LEVEL = 0;
				GCC_PREPROCESSOR_DEFINITIONS = (
					"DEBUG=1",
					"$(inherited)",
				);
				GCC_WARN_64_TO_32_BIT_CONVERSION = YES;
				GCC_WARN_ABOUT_RETURN_TYPE = YES_ERROR;
				GCC_WARN_UNDECLARED_SELECTOR = YES;
				GCC_WARN_UNINITIALIZED_AUTOS = YES_AGGRESSIVE;
				GCC_WARN_UNUSED_FUNCTION = YES;
				GCC_WARN_UNUSED_VARIABLE = YES;
				MACOSX_DEPLOYMENT_TARGET = 10.13;
				MTL_ENABLE_DEBUG_INFO = INCLUDE_SOURCE;
				MTL_FAST_MATH = YES;
				ONLY_ACTIVE_ARCH = YES;
				SDKROOT = macosx;
				SWIFT_ACTIVE_COMPILATION_CONDITIONS = DEBUG;
				SWIFT_OPTIMIZATION_LEVEL = "-Onone";
				VERSIONING_SYSTEM = "apple-generic";
				VERSION_INFO_PREFIX = "";
			};
			name = Debug;
		};
		1D7EA92E2163C701005D14C1 /* Release */ = {
			isa = XCBuildConfiguration;
			buildSettings = {
				ALWAYS_SEARCH_USER_PATHS = NO;
				CLANG_ANALYZER_NONNULL = YES;
				CLANG_ANALYZER_NUMBER_OBJECT_CONVERSION = YES_AGGRESSIVE;
				CLANG_CXX_LANGUAGE_STANDARD = "gnu++14";
				CLANG_CXX_LIBRARY = "libc++";
				CLANG_ENABLE_MODULES = YES;
				CLANG_ENABLE_OBJC_ARC = YES;
				CLANG_ENABLE_OBJC_WEAK = YES;
				CLANG_WARN_BLOCK_CAPTURE_AUTORELEASING = YES;
				CLANG_WARN_BOOL_CONVERSION = YES;
				CLANG_WARN_COMMA = YES;
				CLANG_WARN_CONSTANT_CONVERSION = YES;
				CLANG_WARN_DEPRECATED_OBJC_IMPLEMENTATIONS = YES;
				CLANG_WARN_DIRECT_OBJC_ISA_USAGE = YES_ERROR;
				CLANG_WARN_DOCUMENTATION_COMMENTS = YES;
				CLANG_WARN_EMPTY_BODY = YES;
				CLANG_WARN_ENUM_CONVERSION = YES;
				CLANG_WARN_INFINITE_RECURSION = YES;
				CLANG_WARN_INT_CONVERSION = YES;
				CLANG_WARN_NON_LITERAL_NULL_CONVERSION = YES;
				CLANG_WARN_OBJC_IMPLICIT_RETAIN_SELF = YES;
				CLANG_WARN_OBJC_LITERAL_CONVERSION = YES;
				CLANG_WARN_OBJC_ROOT_CLASS = YES_ERROR;
				CLANG_WARN_RANGE_LOOP_ANALYSIS = YES;
				CLANG_WARN_STRICT_PROTOTYPES = YES;
				CLANG_WARN_SUSPICIOUS_MOVE = YES;
				CLANG_WARN_UNGUARDED_AVAILABILITY = YES_AGGRESSIVE;
				CLANG_WARN_UNREACHABLE_CODE = YES;
				CLANG_WARN__DUPLICATE_METHOD_MATCH = YES;
				CODE_SIGN_IDENTITY = "Mac Developer";
				COPY_PHASE_STRIP = NO;
				CURRENT_PROJECT_VERSION = 1;
				DEBUG_INFORMATION_FORMAT = "dwarf-with-dsym";
				ENABLE_NS_ASSERTIONS = NO;
				ENABLE_STRICT_OBJC_MSGSEND = YES;
				GCC_C_LANGUAGE_STANDARD = gnu11;
				GCC_NO_COMMON_BLOCKS = YES;
				GCC_WARN_64_TO_32_BIT_CONVERSION = YES;
				GCC_WARN_ABOUT_RETURN_TYPE = YES_ERROR;
				GCC_WARN_UNDECLARED_SELECTOR = YES;
				GCC_WARN_UNINITIALIZED_AUTOS = YES_AGGRESSIVE;
				GCC_WARN_UNUSED_FUNCTION = YES;
				GCC_WARN_UNUSED_VARIABLE = YES;
				MACOSX_DEPLOYMENT_TARGET = 10.13;
				MTL_ENABLE_DEBUG_INFO = NO;
				MTL_FAST_MATH = YES;
				SDKROOT = macosx;
				SWIFT_COMPILATION_MODE = wholemodule;
				SWIFT_OPTIMIZATION_LEVEL = "-O";
				VERSIONING_SYSTEM = "apple-generic";
				VERSION_INFO_PREFIX = "";
			};
			name = Release;
		};
		1D7EA9302163C701005D14C1 /* Debug */ = {
			isa = XCBuildConfiguration;
			buildSettings = {
				CLANG_ENABLE_MODULES = YES;
				CODE_SIGN_IDENTITY = "";
				CODE_SIGN_STYLE = Automatic;
				COMBINE_HIDPI_IMAGES = YES;
				DEFINES_MODULE = YES;
				DEVELOPMENT_TEAM = K48829BSXH;
				DYLIB_COMPATIBILITY_VERSION = 1;
				DYLIB_CURRENT_VERSION = 1;
				DYLIB_INSTALL_NAME_BASE = "@rpath";
				FRAMEWORK_VERSION = A;
				INFOPLIST_FILE = JMZeta80/Info.plist;
				INSTALL_PATH = "$(LOCAL_LIBRARY_DIR)/Frameworks";
				LD_RUNPATH_SEARCH_PATHS = (
					"$(inherited)",
					"@executable_path/../Frameworks",
					"@loader_path/Frameworks",
				);
				PRODUCT_BUNDLE_IDENTIFIER = com.lomocorp.JMZeta80;
				PRODUCT_NAME = "$(TARGET_NAME:c99extidentifier)";
				SKIP_INSTALL = YES;
				SWIFT_OPTIMIZATION_LEVEL = "-Onone";
				SWIFT_VERSION = 4.2;
			};
			name = Debug;
		};
		1D7EA9312163C701005D14C1 /* Release */ = {
			isa = XCBuildConfiguration;
			buildSettings = {
				CLANG_ENABLE_MODULES = YES;
				CODE_SIGN_IDENTITY = "";
				CODE_SIGN_STYLE = Automatic;
				COMBINE_HIDPI_IMAGES = YES;
				DEFINES_MODULE = YES;
				DEVELOPMENT_TEAM = K48829BSXH;
				DYLIB_COMPATIBILITY_VERSION = 1;
				DYLIB_CURRENT_VERSION = 1;
				DYLIB_INSTALL_NAME_BASE = "@rpath";
				FRAMEWORK_VERSION = A;
				INFOPLIST_FILE = JMZeta80/Info.plist;
				INSTALL_PATH = "$(LOCAL_LIBRARY_DIR)/Frameworks";
				LD_RUNPATH_SEARCH_PATHS = (
					"$(inherited)",
					"@executable_path/../Frameworks",
					"@loader_path/Frameworks",
				);
				PRODUCT_BUNDLE_IDENTIFIER = com.lomocorp.JMZeta80;
				PRODUCT_NAME = "$(TARGET_NAME:c99extidentifier)";
				SKIP_INSTALL = YES;
				SWIFT_VERSION = 4.2;
			};
			name = Release;
		};
		1D7EA9332163C701005D14C1 /* Debug */ = {
			isa = XCBuildConfiguration;
			buildSettings = {
				ALWAYS_EMBED_SWIFT_STANDARD_LIBRARIES = YES;
				CODE_SIGN_STYLE = Automatic;
				COMBINE_HIDPI_IMAGES = YES;
				DEVELOPMENT_TEAM = K48829BSXH;
				INFOPLIST_FILE = JMZeta80Tests/Info.plist;
				LD_RUNPATH_SEARCH_PATHS = (
					"$(inherited)",
					"@executable_path/../Frameworks",
					"@loader_path/../Frameworks",
				);
				PRODUCT_BUNDLE_IDENTIFIER = com.lomocorp.JMZeta80Tests;
				PRODUCT_NAME = "$(TARGET_NAME)";
				SWIFT_VERSION = 4.2;
			};
			name = Debug;
		};
		1D7EA9342163C701005D14C1 /* Release */ = {
			isa = XCBuildConfiguration;
			buildSettings = {
				ALWAYS_EMBED_SWIFT_STANDARD_LIBRARIES = YES;
				CODE_SIGN_STYLE = Automatic;
				COMBINE_HIDPI_IMAGES = YES;
				DEVELOPMENT_TEAM = K48829BSXH;
				INFOPLIST_FILE = JMZeta80Tests/Info.plist;
				LD_RUNPATH_SEARCH_PATHS = (
					"$(inherited)",
					"@executable_path/../Frameworks",
					"@loader_path/../Frameworks",
				);
				PRODUCT_BUNDLE_IDENTIFIER = com.lomocorp.JMZeta80Tests;
				PRODUCT_NAME = "$(TARGET_NAME)";
				SWIFT_VERSION = 4.2;
			};
			name = Release;
		};
/* End XCBuildConfiguration section */

/* Begin XCConfigurationList section */
		1D7EA9152163C701005D14C1 /* Build configuration list for PBXProject "JMZeta80" */ = {
			isa = XCConfigurationList;
			buildConfigurations = (
				1D7EA92D2163C701005D14C1 /* Debug */,
				1D7EA92E2163C701005D14C1 /* Release */,
			);
			defaultConfigurationIsVisible = 0;
			defaultConfigurationName = Release;
		};
		1D7EA92F2163C701005D14C1 /* Build configuration list for PBXNativeTarget "JMZeta80" */ = {
			isa = XCConfigurationList;
			buildConfigurations = (
				1D7EA9302163C701005D14C1 /* Debug */,
				1D7EA9312163C701005D14C1 /* Release */,
			);
			defaultConfigurationIsVisible = 0;
			defaultConfigurationName = Release;
		};
		1D7EA9322163C701005D14C1 /* Build configuration list for PBXNativeTarget "JMZeta80Tests" */ = {
			isa = XCConfigurationList;
			buildConfigurations = (
				1D7EA9332163C701005D14C1 /* Debug */,
				1D7EA9342163C701005D14C1 /* Release */,
			);
			defaultConfigurationIsVisible = 0;
			defaultConfigurationName = Release;
		};
/* End XCConfigurationList section */
	};
	rootObject = 1D7EA9122163C701005D14C1 /* Project object */;
}
